
Microsoft Visual Studio Solution File, Format Version 12.00
# Visual Studio Version 16
VisualStudioVersion = 16.0.29709.97
MinimumVisualStudioVersion = 10.0.40219.1
Project("{FAE04EC0-301F-11D3-BF4B-00C04F79EFBC}") = "Entities", "Entities\Entities.csproj", "{C4A93F77-4F28-49DE-BBFE-2D18B676126F}"
EndProject
Project("{FAE04EC0-301F-11D3-BF4B-00C04F79EFBC}") = "DataAccess", "DataAccess\DataAccess.csproj", "{F29F7817-B934-4311-A712-2584E198439C}"
EndProject
Project("{FAE04EC0-301F-11D3-BF4B-00C04F79EFBC}") = "Business", "Business\Business.csproj", "{74ACE6F5-C031-44C6-8BEA-1B7792BE0C4D}"
EndProject
Project("{FAE04EC0-301F-11D3-BF4B-00C04F79EFBC}") = "ConsoleUI", "ConsoleUI\ConsoleUI.csproj", "{0E92B8FD-BF01-47CA-B381-FCAD5B851EA5}"
EndProject
Global
	GlobalSection(SolutionConfigurationPlatforms) = preSolution
		Debug|Any CPU = Debug|Any CPU
		Release|Any CPU = Release|Any CPU
	EndGlobalSection
	GlobalSection(ProjectConfigurationPlatforms) = postSolution
		{C4A93F77-4F28-49DE-BBFE-2D18B676126F}.Debug|Any CPU.ActiveCfg = Debug|Any CPU
		{C4A93F77-4F28-49DE-BBFE-2D18B676126F}.Debug|Any CPU.Build.0 = Debug|Any CPU
		{C4A93F77-4F28-49DE-BBFE-2D18B676126F}.Release|Any CPU.ActiveCfg = Release|Any CPU
		{C4A93F77-4F28-49DE-BBFE-2D18B676126F}.Release|Any CPU.Build.0 = Release|Any CPU
		{F29F7817-B934-4311-A712-2584E198439C}.Debug|Any CPU.ActiveCfg = Debug|Any CPU
		{F29F7817-B934-4311-A712-2584E198439C}.Debug|Any CPU.Build.0 = Debug|Any CPU
		{F29F7817-B934-4311-A712-2584E198439C}.Release|Any CPU.ActiveCfg = Release|Any CPU
		{F29F7817-B934-4311-A712-2584E198439C}.Release|Any CPU.Build.0 = Release|Any CPU
		{74ACE6F5-C031-44C6-8BEA-1B7792BE0C4D}.Debug|Any CPU.ActiveCfg = Debug|Any CPU
		{74ACE6F5-C031-44C6-8BEA-1B7792BE0C4D}.Debug|Any CPU.Build.0 = Debug|Any CPU
		{74ACE6F5-C031-44C6-8BEA-1B7792BE0C4D}.Release|Any CPU.ActiveCfg = Release|Any CPU
		{74ACE6F5-C031-44C6-8BEA-1B7792BE0C4D}.Release|Any CPU.Build.0 = Release|Any CPU
		{0E92B8FD-BF01-47CA-B381-FCAD5B851EA5}.Debug|Any CPU.ActiveCfg = Debug|Any CPU
		{0E92B8FD-BF01-47CA-B381-FCAD5B851EA5}.Debug|Any CPU.Build.0 = Debug|Any CPU
		{0E92B8FD-BF01-47CA-B381-FCAD5B851EA5}.Release|Any CPU.ActiveCfg = Release|Any CPU
		{0E92B8FD-BF01-47CA-B381-FCAD5B851EA5}.Release|Any CPU.Build.0 = Release|Any CPU
	EndGlobalSection
	GlobalSection(SolutionProperties) = preSolution
		HideSolutionNode = FALSE
	EndGlobalSection
	GlobalSection(ExtensibilityGlobals) = postSolution
		SolutionGuid = {F1588DCB-06F6-465B-8E81-98EDA07B7787}
	EndGlobalSection
EndGlobal
